
Microsoft Visual Studio Solution File, Format Version 12.00
# Visual Studio 15
VisualStudioVersion = 15.0.26730.3
MinimumVisualStudioVersion = 10.0.40219.1
Project("{FAE04EC0-301F-11D3-BF4B-00C04F79EFBC}") = "CybellesCykler", "CybellesCykler\CybellesCykler.csproj", "{8A178F4F-41CD-4561-B211-6B6672F64FE1}"
EndProject
Project("{FAE04EC0-301F-11D3-BF4B-00C04F79EFBC}") = "Business", "Business\Business.csproj", "{35AB368E-B063-4D46-9148-99734E196F5B}"
EndProject
Project("{FAE04EC0-301F-11D3-BF4B-00C04F79EFBC}") = "Entities", "Entities\Entities.csproj", "{CF89F53D-006E-4EF8-ABA6-E1F64BE3E552}"
EndProject
Project("{FAE04EC0-301F-11D3-BF4B-00C04F79EFBC}") = "DataAccess", "DataAccess\DataAccess.csproj", "{40D3EF08-5E14-458A-818D-A40B7E41633A}"
EndProject
Project("{FAE04EC0-301F-11D3-BF4B-00C04F79EFBC}") = "Services", "Services\Services.csproj", "{0922D9B7-34A8-4849-BFB3-84E2570B0025}"
EndProject
Project("{FAE04EC0-301F-11D3-BF4B-00C04F79EFBC}") = "EntitiesTest", "EntitiesTest\EntitiesTest.csproj", "{C7361FC7-6CBB-4A74-9AEB-7ADC0A3ED90C}"
EndProject
Global
	GlobalSection(SolutionConfigurationPlatforms) = preSolution
		Debug|Any CPU = Debug|Any CPU
		Release|Any CPU = Release|Any CPU
	EndGlobalSection
	GlobalSection(ProjectConfigurationPlatforms) = postSolution
		{8A178F4F-41CD-4561-B211-6B6672F64FE1}.Debug|Any CPU.ActiveCfg = Debug|Any CPU
		{8A178F4F-41CD-4561-B211-6B6672F64FE1}.Debug|Any CPU.Build.0 = Debug|Any CPU
		{8A178F4F-41CD-4561-B211-6B6672F64FE1}.Release|Any CPU.ActiveCfg = Release|Any CPU
		{8A178F4F-41CD-4561-B211-6B6672F64FE1}.Release|Any CPU.Build.0 = Release|Any CPU
		{35AB368E-B063-4D46-9148-99734E196F5B}.Debug|Any CPU.ActiveCfg = Debug|Any CPU
		{35AB368E-B063-4D46-9148-99734E196F5B}.Debug|Any CPU.Build.0 = Debug|Any CPU
		{35AB368E-B063-4D46-9148-99734E196F5B}.Release|Any CPU.ActiveCfg = Release|Any CPU
		{35AB368E-B063-4D46-9148-99734E196F5B}.Release|Any CPU.Build.0 = Release|Any CPU
		{CF89F53D-006E-4EF8-ABA6-E1F64BE3E552}.Debug|Any CPU.ActiveCfg = Debug|Any CPU
		{CF89F53D-006E-4EF8-ABA6-E1F64BE3E552}.Debug|Any CPU.Build.0 = Debug|Any CPU
		{CF89F53D-006E-4EF8-ABA6-E1F64BE3E552}.Release|Any CPU.ActiveCfg = Release|Any CPU
		{CF89F53D-006E-4EF8-ABA6-E1F64BE3E552}.Release|Any CPU.Build.0 = Release|Any CPU
		{40D3EF08-5E14-458A-818D-A40B7E41633A}.Debug|Any CPU.ActiveCfg = Debug|Any CPU
		{40D3EF08-5E14-458A-818D-A40B7E41633A}.Debug|Any CPU.Build.0 = Debug|Any CPU
		{40D3EF08-5E14-458A-818D-A40B7E41633A}.Release|Any CPU.ActiveCfg = Release|Any CPU
		{40D3EF08-5E14-458A-818D-A40B7E41633A}.Release|Any CPU.Build.0 = Release|Any CPU
		{0922D9B7-34A8-4849-BFB3-84E2570B0025}.Debug|Any CPU.ActiveCfg = Debug|Any CPU
		{0922D9B7-34A8-4849-BFB3-84E2570B0025}.Debug|Any CPU.Build.0 = Debug|Any CPU
		{0922D9B7-34A8-4849-BFB3-84E2570B0025}.Release|Any CPU.ActiveCfg = Release|Any CPU
		{0922D9B7-34A8-4849-BFB3-84E2570B0025}.Release|Any CPU.Build.0 = Release|Any CPU
		{C7361FC7-6CBB-4A74-9AEB-7ADC0A3ED90C}.Debug|Any CPU.ActiveCfg = Debug|Any CPU
		{C7361FC7-6CBB-4A74-9AEB-7ADC0A3ED90C}.Debug|Any CPU.Build.0 = Debug|Any CPU
		{C7361FC7-6CBB-4A74-9AEB-7ADC0A3ED90C}.Release|Any CPU.ActiveCfg = Release|Any CPU
		{C7361FC7-6CBB-4A74-9AEB-7ADC0A3ED90C}.Release|Any CPU.Build.0 = Release|Any CPU
	EndGlobalSection
	GlobalSection(SolutionProperties) = preSolution
		HideSolutionNode = FALSE
	EndGlobalSection
	GlobalSection(ExtensibilityGlobals) = postSolution
		SolutionGuid = {926BD274-6837-45A8-BB36-65E8AB97C143}
	EndGlobalSection
EndGlobal
